
Microsoft Visual Studio Solution File, Format Version 12.00
# Visual Studio Version 16
VisualStudioVersion = 16.0.29806.167
MinimumVisualStudioVersion = 10.0.40219.1
Project("{FAE04EC0-301F-11D3-BF4B-00C04F79EFBC}") = "gyak4", "gyak4\gyak4.csproj", "{70E82097-842F-4D30-B2B8-D1E06E5ADD50}"
EndProject
Global
	GlobalSection(SolutionConfigurationPlatforms) = preSolution
		Debug|Any CPU = Debug|Any CPU
		Release|Any CPU = Release|Any CPU
	EndGlobalSection
	GlobalSection(ProjectConfigurationPlatforms) = postSolution
		{70E82097-842F-4D30-B2B8-D1E06E5ADD50}.Debug|Any CPU.ActiveCfg = Debug|Any CPU
		{70E82097-842F-4D30-B2B8-D1E06E5ADD50}.Debug|Any CPU.Build.0 = Debug|Any CPU
		{70E82097-842F-4D30-B2B8-D1E06E5ADD50}.Release|Any CPU.ActiveCfg = Release|Any CPU
		{70E82097-842F-4D30-B2B8-D1E06E5ADD50}.Release|Any CPU.Build.0 = Release|Any CPU
	EndGlobalSection
	GlobalSection(SolutionProperties) = preSolution
		HideSolutionNode = FALSE
	EndGlobalSection
	GlobalSection(ExtensibilityGlobals) = postSolution
		SolutionGuid = {1E3B6C6E-D44F-4A8E-9B71-1199222B86B5}
	EndGlobalSection
EndGlobal
