
Microsoft Visual Studio Solution File, Format Version 12.00
# Visual Studio Version 16
VisualStudioVersion = 16.0.29806.167
MinimumVisualStudioVersion = 10.0.40219.1
Project("{FAE04EC0-301F-11D3-BF4B-00C04F79EFBC}") = "UserMaintenance", "UserMaintenance\UserMaintenance.csproj", "{C506E210-4DC5-4F50-8C46-A41EFECBB4B6}"
EndProject
Global
	GlobalSection(SolutionConfigurationPlatforms) = preSolution
		Debug|Any CPU = Debug|Any CPU
		Release|Any CPU = Release|Any CPU
	EndGlobalSection
	GlobalSection(ProjectConfigurationPlatforms) = postSolution
		{C506E210-4DC5-4F50-8C46-A41EFECBB4B6}.Debug|Any CPU.ActiveCfg = Debug|Any CPU
		{C506E210-4DC5-4F50-8C46-A41EFECBB4B6}.Debug|Any CPU.Build.0 = Debug|Any CPU
		{C506E210-4DC5-4F50-8C46-A41EFECBB4B6}.Release|Any CPU.ActiveCfg = Release|Any CPU
		{C506E210-4DC5-4F50-8C46-A41EFECBB4B6}.Release|Any CPU.Build.0 = Release|Any CPU
	EndGlobalSection
	GlobalSection(SolutionProperties) = preSolution
		HideSolutionNode = FALSE
	EndGlobalSection
	GlobalSection(ExtensibilityGlobals) = postSolution
		SolutionGuid = {54FA660C-230C-416F-9254-5A7F83624B20}
	EndGlobalSection
EndGlobal
